
Microsoft Visual Studio Solution File, Format Version 12.00
Project("{FAE04EC0-301F-11D3-BF4B-00C04F79EFBC}") = "Day 01", "Day 01\Day 01.csproj", "{F545324A-92D2-4C1C-877C-D2C01602875E}"
EndProject
Project("{FAE04EC0-301F-11D3-BF4B-00C04F79EFBC}") = "Extensions", "Extensions\Extensions.csproj", "{7E69864A-4605-44C4-8DCD-DACE4F3D65B7}"
EndProject
Project("{FAE04EC0-301F-11D3-BF4B-00C04F79EFBC}") = "Day 02", "Day 02\Day 02.csproj", "{05DACE26-EB75-40D2-B04F-74118E2E24D1}"
EndProject
Project("{FAE04EC0-301F-11D3-BF4B-00C04F79EFBC}") = "Day 03", "Day 03\Day 03.csproj", "{D05CED09-3EEB-46E6-8E16-D003ACA1C03E}"
EndProject
Project("{FAE04EC0-301F-11D3-BF4B-00C04F79EFBC}") = "Day 04", "Day 04\Day 04.csproj", "{A953DDE0-AEAA-41D5-ABCF-50A95082B1DB}"
EndProject
Project("{FAE04EC0-301F-11D3-BF4B-00C04F79EFBC}") = "Day 05", "Day 05\Day 05.csproj", "{569B24F5-E111-44D4-86A0-7F443E39813C}"
EndProject
Project("{FAE04EC0-301F-11D3-BF4B-00C04F79EFBC}") = "Day 06", "Day 06\Day 06.csproj", "{0AE5792B-74A7-4AC0-A8C2-99B612C33E48}"
EndProject
Project("{FAE04EC0-301F-11D3-BF4B-00C04F79EFBC}") = "Day 07", "Day 07\Day 07.csproj", "{D26D85DB-7770-4AC7-B501-27BECDF27DC7}"
EndProject
Project("{FAE04EC0-301F-11D3-BF4B-00C04F79EFBC}") = "Day 08", "Day 08\Day 08.csproj", "{FC4FF40D-1583-420E-93E8-08C27E07471F}"
EndProject
Project("{FAE04EC0-301F-11D3-BF4B-00C04F79EFBC}") = "Day 09", "Day 09\Day 09.csproj", "{EDF9F903-2021-4899-9C44-98DD8101EC65}"
EndProject
Project("{FAE04EC0-301F-11D3-BF4B-00C04F79EFBC}") = "Day 10", "Day 10\Day 10.csproj", "{387EE6DA-4E36-4088-BFBC-523833C24291}"
EndProject
Project("{FAE04EC0-301F-11D3-BF4B-00C04F79EFBC}") = "Day 11", "Day 11\Day 11.csproj", "{5570CF86-7429-42BC-A7DC-87270F13A751}"
EndProject
Project("{FAE04EC0-301F-11D3-BF4B-00C04F79EFBC}") = "Day 12", "Day 12\Day 12.csproj", "{FA582669-86C0-44CC-BC71-E8429063AC81}"
EndProject
Project("{FAE04EC0-301F-11D3-BF4B-00C04F79EFBC}") = "Day 13", "Day 13\Day 13.csproj", "{48BEB13F-894E-44A9-8329-B3BAABFF5066}"
EndProject
Project("{FAE04EC0-301F-11D3-BF4B-00C04F79EFBC}") = "Day 14", "Day 14\Day 14.csproj", "{445E4755-5749-4BB9-9DAA-8EBF3635ED03}"
EndProject
Project("{FAE04EC0-301F-11D3-BF4B-00C04F79EFBC}") = "Day 15", "Day 15\Day 15.csproj", "{2030329D-612D-442F-9EF3-6822CB94E62B}"
EndProject
Global
	GlobalSection(SolutionConfigurationPlatforms) = preSolution
		Debug|Any CPU = Debug|Any CPU
		Release|Any CPU = Release|Any CPU
	EndGlobalSection
	GlobalSection(ProjectConfigurationPlatforms) = postSolution
		{F545324A-92D2-4C1C-877C-D2C01602875E}.Debug|Any CPU.ActiveCfg = Debug|Any CPU
		{F545324A-92D2-4C1C-877C-D2C01602875E}.Debug|Any CPU.Build.0 = Debug|Any CPU
		{F545324A-92D2-4C1C-877C-D2C01602875E}.Release|Any CPU.ActiveCfg = Release|Any CPU
		{F545324A-92D2-4C1C-877C-D2C01602875E}.Release|Any CPU.Build.0 = Release|Any CPU
		{7E69864A-4605-44C4-8DCD-DACE4F3D65B7}.Debug|Any CPU.ActiveCfg = Debug|Any CPU
		{7E69864A-4605-44C4-8DCD-DACE4F3D65B7}.Debug|Any CPU.Build.0 = Debug|Any CPU
		{7E69864A-4605-44C4-8DCD-DACE4F3D65B7}.Release|Any CPU.ActiveCfg = Release|Any CPU
		{7E69864A-4605-44C4-8DCD-DACE4F3D65B7}.Release|Any CPU.Build.0 = Release|Any CPU
		{05DACE26-EB75-40D2-B04F-74118E2E24D1}.Debug|Any CPU.ActiveCfg = Debug|Any CPU
		{05DACE26-EB75-40D2-B04F-74118E2E24D1}.Debug|Any CPU.Build.0 = Debug|Any CPU
		{05DACE26-EB75-40D2-B04F-74118E2E24D1}.Release|Any CPU.ActiveCfg = Release|Any CPU
		{05DACE26-EB75-40D2-B04F-74118E2E24D1}.Release|Any CPU.Build.0 = Release|Any CPU
		{D05CED09-3EEB-46E6-8E16-D003ACA1C03E}.Debug|Any CPU.ActiveCfg = Debug|Any CPU
		{D05CED09-3EEB-46E6-8E16-D003ACA1C03E}.Debug|Any CPU.Build.0 = Debug|Any CPU
		{D05CED09-3EEB-46E6-8E16-D003ACA1C03E}.Release|Any CPU.ActiveCfg = Release|Any CPU
		{D05CED09-3EEB-46E6-8E16-D003ACA1C03E}.Release|Any CPU.Build.0 = Release|Any CPU
		{A953DDE0-AEAA-41D5-ABCF-50A95082B1DB}.Debug|Any CPU.ActiveCfg = Debug|Any CPU
		{A953DDE0-AEAA-41D5-ABCF-50A95082B1DB}.Debug|Any CPU.Build.0 = Debug|Any CPU
		{A953DDE0-AEAA-41D5-ABCF-50A95082B1DB}.Release|Any CPU.ActiveCfg = Release|Any CPU
		{A953DDE0-AEAA-41D5-ABCF-50A95082B1DB}.Release|Any CPU.Build.0 = Release|Any CPU
		{569B24F5-E111-44D4-86A0-7F443E39813C}.Debug|Any CPU.ActiveCfg = Debug|Any CPU
		{569B24F5-E111-44D4-86A0-7F443E39813C}.Debug|Any CPU.Build.0 = Debug|Any CPU
		{569B24F5-E111-44D4-86A0-7F443E39813C}.Release|Any CPU.ActiveCfg = Release|Any CPU
		{569B24F5-E111-44D4-86A0-7F443E39813C}.Release|Any CPU.Build.0 = Release|Any CPU
		{0AE5792B-74A7-4AC0-A8C2-99B612C33E48}.Debug|Any CPU.ActiveCfg = Debug|Any CPU
		{0AE5792B-74A7-4AC0-A8C2-99B612C33E48}.Debug|Any CPU.Build.0 = Debug|Any CPU
		{0AE5792B-74A7-4AC0-A8C2-99B612C33E48}.Release|Any CPU.ActiveCfg = Release|Any CPU
		{0AE5792B-74A7-4AC0-A8C2-99B612C33E48}.Release|Any CPU.Build.0 = Release|Any CPU
		{D26D85DB-7770-4AC7-B501-27BECDF27DC7}.Debug|Any CPU.ActiveCfg = Debug|Any CPU
		{D26D85DB-7770-4AC7-B501-27BECDF27DC7}.Debug|Any CPU.Build.0 = Debug|Any CPU
		{D26D85DB-7770-4AC7-B501-27BECDF27DC7}.Release|Any CPU.ActiveCfg = Release|Any CPU
		{D26D85DB-7770-4AC7-B501-27BECDF27DC7}.Release|Any CPU.Build.0 = Release|Any CPU
		{FC4FF40D-1583-420E-93E8-08C27E07471F}.Debug|Any CPU.ActiveCfg = Debug|Any CPU
		{FC4FF40D-1583-420E-93E8-08C27E07471F}.Debug|Any CPU.Build.0 = Debug|Any CPU
		{FC4FF40D-1583-420E-93E8-08C27E07471F}.Release|Any CPU.ActiveCfg = Release|Any CPU
		{FC4FF40D-1583-420E-93E8-08C27E07471F}.Release|Any CPU.Build.0 = Release|Any CPU
		{EDF9F903-2021-4899-9C44-98DD8101EC65}.Debug|Any CPU.ActiveCfg = Debug|Any CPU
		{EDF9F903-2021-4899-9C44-98DD8101EC65}.Debug|Any CPU.Build.0 = Debug|Any CPU
		{EDF9F903-2021-4899-9C44-98DD8101EC65}.Release|Any CPU.ActiveCfg = Release|Any CPU
		{EDF9F903-2021-4899-9C44-98DD8101EC65}.Release|Any CPU.Build.0 = Release|Any CPU
		{387EE6DA-4E36-4088-BFBC-523833C24291}.Debug|Any CPU.ActiveCfg = Debug|Any CPU
		{387EE6DA-4E36-4088-BFBC-523833C24291}.Debug|Any CPU.Build.0 = Debug|Any CPU
		{387EE6DA-4E36-4088-BFBC-523833C24291}.Release|Any CPU.ActiveCfg = Release|Any CPU
		{387EE6DA-4E36-4088-BFBC-523833C24291}.Release|Any CPU.Build.0 = Release|Any CPU
		{5570CF86-7429-42BC-A7DC-87270F13A751}.Debug|Any CPU.ActiveCfg = Debug|Any CPU
		{5570CF86-7429-42BC-A7DC-87270F13A751}.Debug|Any CPU.Build.0 = Debug|Any CPU
		{5570CF86-7429-42BC-A7DC-87270F13A751}.Release|Any CPU.ActiveCfg = Release|Any CPU
		{5570CF86-7429-42BC-A7DC-87270F13A751}.Release|Any CPU.Build.0 = Release|Any CPU
		{FA582669-86C0-44CC-BC71-E8429063AC81}.Debug|Any CPU.ActiveCfg = Debug|Any CPU
		{FA582669-86C0-44CC-BC71-E8429063AC81}.Debug|Any CPU.Build.0 = Debug|Any CPU
		{FA582669-86C0-44CC-BC71-E8429063AC81}.Release|Any CPU.ActiveCfg = Release|Any CPU
		{FA582669-86C0-44CC-BC71-E8429063AC81}.Release|Any CPU.Build.0 = Release|Any CPU
		{48BEB13F-894E-44A9-8329-B3BAABFF5066}.Debug|Any CPU.ActiveCfg = Debug|Any CPU
		{48BEB13F-894E-44A9-8329-B3BAABFF5066}.Debug|Any CPU.Build.0 = Debug|Any CPU
		{48BEB13F-894E-44A9-8329-B3BAABFF5066}.Release|Any CPU.ActiveCfg = Release|Any CPU
		{48BEB13F-894E-44A9-8329-B3BAABFF5066}.Release|Any CPU.Build.0 = Release|Any CPU
		{445E4755-5749-4BB9-9DAA-8EBF3635ED03}.Debug|Any CPU.ActiveCfg = Debug|Any CPU
		{445E4755-5749-4BB9-9DAA-8EBF3635ED03}.Debug|Any CPU.Build.0 = Debug|Any CPU
		{445E4755-5749-4BB9-9DAA-8EBF3635ED03}.Release|Any CPU.ActiveCfg = Release|Any CPU
		{445E4755-5749-4BB9-9DAA-8EBF3635ED03}.Release|Any CPU.Build.0 = Release|Any CPU
		{2030329D-612D-442F-9EF3-6822CB94E62B}.Debug|Any CPU.ActiveCfg = Debug|Any CPU
		{2030329D-612D-442F-9EF3-6822CB94E62B}.Debug|Any CPU.Build.0 = Debug|Any CPU
		{2030329D-612D-442F-9EF3-6822CB94E62B}.Release|Any CPU.ActiveCfg = Release|Any CPU
		{2030329D-612D-442F-9EF3-6822CB94E62B}.Release|Any CPU.Build.0 = Release|Any CPU
	EndGlobalSection
EndGlobal
